
Microsoft Visual Studio Solution File, Format Version 12.00
# Visual Studio Version 17
VisualStudioVersion = 17.12.35506.116
MinimumVisualStudioVersion = 10.0.40219.1
Project("{FAE04EC0-301F-11D3-BF4B-00C04F79EFBC}") = "OneBooker", "OneBooker\OneBooker.csproj", "{B07F7CE3-F270-469B-B523-CD27A6C5BB1C}"
EndProject
Project("{2150E333-8FDC-42A3-9474-1A3956D46DE8}") = "Src", "Src", "{B919A877-C610-4F9F-8F61-B4A32E5BC69C}"
EndProject
Project("{2150E333-8FDC-42A3-9474-1A3956D46DE8}") = "Misc", "Misc", "{260C1B8D-5A5C-4F39-AC65-C48AA4A5BD12}"
	ProjectSection(SolutionItems) = preProject
		C:\Users\USER\Documents\.gitignore = C:\Users\USER\Documents\.gitignore
	EndProjectSection
EndProject
Global
	GlobalSection(SolutionConfigurationPlatforms) = preSolution
		Debug|Any CPU = Debug|Any CPU
		Release|Any CPU = Release|Any CPU
	EndGlobalSection
	GlobalSection(ProjectConfigurationPlatforms) = postSolution
		{B07F7CE3-F270-469B-B523-CD27A6C5BB1C}.Debug|Any CPU.ActiveCfg = Debug|Any CPU
		{B07F7CE3-F270-469B-B523-CD27A6C5BB1C}.Debug|Any CPU.Build.0 = Debug|Any CPU
		{B07F7CE3-F270-469B-B523-CD27A6C5BB1C}.Release|Any CPU.ActiveCfg = Release|Any CPU
		{B07F7CE3-F270-469B-B523-CD27A6C5BB1C}.Release|Any CPU.Build.0 = Release|Any CPU
	EndGlobalSection
	GlobalSection(SolutionProperties) = preSolution
		HideSolutionNode = FALSE
	EndGlobalSection
	GlobalSection(NestedProjects) = preSolution
		{B07F7CE3-F270-469B-B523-CD27A6C5BB1C} = {B919A877-C610-4F9F-8F61-B4A32E5BC69C}
	EndGlobalSection
EndGlobal
